
Microsoft Visual Studio Solution File, Format Version 12.00
# Visual Studio Version 18
VisualStudioVersion = 18.3.11304.161 d18.3
MinimumVisualStudioVersion = 10.0.40219.1
Project("{FAE04EC0-301F-11D3-BF4B-00C04F79EFBC}") = "Nomad.Core", "Source\Nomad.Core\Nomad.Core.csproj", "{8C8B8E4B-E841-4940-B8B9-DEBF733A8AFC}"
EndProject
Global
	GlobalSection(SolutionConfigurationPlatforms) = preSolution
		Debug|Any CPU = Debug|Any CPU
		Release|Any CPU = Release|Any CPU
	EndGlobalSection
	GlobalSection(ProjectConfigurationPlatforms) = postSolution
		{8C8B8E4B-E841-4940-B8B9-DEBF733A8AFC}.Debug|Any CPU.ActiveCfg = Debug|Any CPU
		{8C8B8E4B-E841-4940-B8B9-DEBF733A8AFC}.Debug|Any CPU.Build.0 = Debug|Any CPU
		{8C8B8E4B-E841-4940-B8B9-DEBF733A8AFC}.Release|Any CPU.ActiveCfg = Release|Any CPU
		{8C8B8E4B-E841-4940-B8B9-DEBF733A8AFC}.Release|Any CPU.Build.0 = Release|Any CPU
	EndGlobalSection
	GlobalSection(SolutionProperties) = preSolution
		HideSolutionNode = FALSE
	EndGlobalSection
	GlobalSection(ExtensibilityGlobals) = postSolution
		SolutionGuid = {ED2904C3-0AD4-4C98-AE30-9F7B75660083}
	EndGlobalSection
EndGlobal
