<?xml version="1.0" encoding="utf-8"?>
<Project ToolsVersion="4.0" xmlns="http://schemas.microsoft.com/developer/msbuild/2003">
  <ItemGroup>
    <Filter Include="Source Files">
      <UniqueIdentifier>{4FC737F1-C7A5-4376-A066-2A32D752A2FF}</UniqueIdentifier>
      <Extensions>cpp;c;cc;cxx;c++;cppm;ixx;def;odl;idl;hpj;bat;asm;asmx</Extensions>
    </Filter>
    <Filter Include="Header Files">
      <UniqueIdentifier>{93995380-89BD-4b04-88EB-625FBE52EBFB}</UniqueIdentifier>
      <Extensions>h;hh;hpp;hxx;h++;hm;inl;inc;ipp;xsd</Extensions>
    </Filter>
    <Filter Include="Resource Files">
      <UniqueIdentifier>{67DA6AB6-F800-4c08-8B7A-83BB121AAD01}</UniqueIdentifier>
      <Extensions>rc;ico;cur;bmp;dlg;rc2;rct;bin;rgs;gif;jpg;jpeg;jpe;resx;tiff;tif;png;wav;mfcribbon-ms</Extensions>
    </Filter>
    <Filter Include="Header Files\Abstractions">
      <UniqueIdentifier>{973f90f0-9cd5-493a-8e7b-4219e313abf6}</UniqueIdentifier>
    </Filter>
    <Filter Include="Header Files\Implementations">
      <UniqueIdentifier>{2cf1c347-a4ed-491f-99d5-20a12c3e209c}</UniqueIdentifier>
    </Filter>
    <Filter Include="Source Files\GodotBridge">
      <UniqueIdentifier>{6f1ccaf6-e352-4bad-bb40-314082456f16}</UniqueIdentifier>
    </Filter>
  </ItemGroup>
  <ItemGroup>
    <ClInclude Include="Core\include\IFileSystem.h">
      <Filter>Header Files\Abstractions</Filter>
    </ClInclude>
    <ClInclude Include="Core\include\ILoggerCategory.h">
      <Filter>Header Files\Abstractions</Filter>
    </ClInclude>
    <ClInclude Include="Core\include\ILoggerService.h">
      <Filter>Header Files\Abstractions</Filter>
    </ClInclude>
    <ClInclude Include="Core\include\IOnlineService.h">
      <Filter>Header Files\Abstractions</Filter>
    </ClInclude>
    <ClInclude Include="Core\include\LoggerService.h">
      <Filter>Header Files\Implementations</Filter>
    </ClInclude>
    <ClInclude Include="Core\include\LoggerSink.h">
      <Filter>Header Files\Implementations</Filter>
    </ClInclude>
    <ClInclude Include="Core\include\nomad_core.h">
      <Filter>Header Files</Filter>
    </ClInclude>
    <ClInclude Include="Core\include\nomad_pch.h">
      <Filter>Header Files</Filter>
    </ClInclude>
    <ClInclude Include="Core\include\nomad_platform.h">
      <Filter>Header Files</Filter>
    </ClInclude>
    <ClInclude Include="Core\include\GameEvent.h">
      <Filter>Header Files\Implementations</Filter>
    </ClInclude>
    <ClInclude Include="Core\include\IGameEvent.h">
      <Filter>Header Files\Abstractions</Filter>
    </ClInclude>
    <ClInclude Include="Core\include\nomad_compiler.h">
      <Filter>Header Files</Filter>
    </ClInclude>
  </ItemGroup>
  <ItemGroup>
    <ClCompile Include="Core\src\GameEvent.cpp">
      <Filter>Source Files</Filter>
    </ClCompile>
  </ItemGroup>
</Project>